{
  "name": "@flysystem-ts/adapter-interface",
  "version": "0.1.0",
  "lockfileVersion": 2,
  "requires": true,
  "packages": {
    "": {
      "name": "@flysystem-ts/adapter-interface",
      "version": "0.0.0",
      "license": "ISC",
      "devDependencies": {
        "@flysystem-ts/common": "^0.0.0"
      }
    },
    "../common": {
      "name": "@flysystem-ts/common",
      "version": "0.0.0",
      "dev": true,
      "license": "ISC",
      "devDependencies": {
        "@types/lodash": "^4.14.182",
        "@types/mime": "^2.0.3",
        "file-type": "14",
        "lodash": "^4.17.21",
        "mime": "^3.0.0"
      }
    },
    "../common/node_modules/@tokenizer/token": {
      "version": "0.3.0",
      "dev": true,
      "license": "MIT"
    },
    "../common/node_modules/@types/lodash": {
      "version": "4.14.182",
      "dev": true,
      "license": "MIT"
    },
    "../common/node_modules/@types/mime": {
      "version": "2.0.3",
      "dev": true,
      "license": "MIT"
    },
    "../common/node_modules/file-type": {
      "version": "14.7.1",
      "dev": true,
      "license": "MIT",
      "dependencies": {
        "readable-web-to-node-stream": "^2.0.0",
        "strtok3": "^6.0.3",
        "token-types": "^2.0.0",
        "typedarray-to-buffer": "^3.1.5"
      },
      "engines": {
        "node": ">=8"
      },
      "funding": {
        "url": "https://github.com/sindresorhus/file-type?sponsor=1"
      }
    },
    "../common/node_modules/ieee754": {
      "version": "1.2.1",
      "dev": true,
      "funding": [
        {
          "type": "github",
          "url": "https://github.com/sponsors/feross"
        },
        {
          "type": "patreon",
          "url": "https://www.patreon.com/feross"
        },
        {
          "type": "consulting",
          "url": "https://feross.org/support"
        }
      ],
      "license": "BSD-3-Clause"
    },
    "../common/node_modules/is-typedarray": {
      "version": "1.0.0",
      "dev": true,
      "license": "MIT"
    },
    "../common/node_modules/lodash": {
      "version": "4.17.21",
      "dev": true,
      "license": "MIT"
    },
    "../common/node_modules/mime": {
      "version": "3.0.0",
      "dev": true,
      "license": "MIT",
      "bin": {
        "mime": "cli.js"
      },
      "engines": {
        "node": ">=10.0.0"
      }
    },
    "../common/node_modules/peek-readable": {
      "version": "4.1.0",
      "dev": true,
      "license": "MIT",
      "engines": {
        "node": ">=8"
      },
      "funding": {
        "type": "github",
        "url": "https://github.com/sponsors/Borewit"
      }
    },
    "../common/node_modules/readable-web-to-node-stream": {
      "version": "2.0.0",
      "dev": true,
      "license": "MIT"
    },
    "../common/node_modules/strtok3": {
      "version": "6.3.0",
      "dev": true,
      "license": "MIT",
      "dependencies": {
        "@tokenizer/token": "^0.3.0",
        "peek-readable": "^4.1.0"
      },
      "engines": {
        "node": ">=10"
      },
      "funding": {
        "type": "github",
        "url": "https://github.com/sponsors/Borewit"
      }
    },
    "../common/node_modules/token-types": {
      "version": "2.1.1",
      "dev": true,
      "license": "MIT",
      "dependencies": {
        "@tokenizer/token": "^0.1.1",
        "ieee754": "^1.2.1"
      },
      "engines": {
        "node": ">=0.1.98"
      },
      "funding": {
        "type": "github",
        "url": "https://github.com/sponsors/Borewit"
      }
    },
    "../common/node_modules/token-types/node_modules/@tokenizer/token": {
      "version": "0.1.1",
      "dev": true,
      "license": "MIT"
    },
    "../common/node_modules/typedarray-to-buffer": {
      "version": "3.1.5",
      "dev": true,
      "license": "MIT",
      "dependencies": {
        "is-typedarray": "^1.0.0"
      }
    },
    "node_modules/@flysystem-ts/common": {
      "resolved": "../common",
      "link": true
    }
  },
  "dependencies": {
    "@flysystem-ts/common": {
      "version": "file:../common",
      "requires": {
        "@types/lodash": "^4.14.182",
        "@types/mime": "^2.0.3",
        "file-type": "14",
        "lodash": "^4.17.21",
        "mime": "^3.0.0"
      },
      "dependencies": {
        "@tokenizer/token": {
          "version": "0.3.0",
          "dev": true
        },
        "@types/lodash": {
          "version": "4.14.182",
          "dev": true
        },
        "@types/mime": {
          "version": "2.0.3",
          "dev": true
        },
        "file-type": {
          "version": "14.7.1",
          "dev": true,
          "requires": {
            "readable-web-to-node-stream": "^2.0.0",
            "strtok3": "^6.0.3",
            "token-types": "^2.0.0",
            "typedarray-to-buffer": "^3.1.5"
          }
        },
        "ieee754": {
          "version": "1.2.1",
          "dev": true
        },
        "is-typedarray": {
          "version": "1.0.0",
          "dev": true
        },
        "lodash": {
          "version": "4.17.21",
          "dev": true
        },
        "mime": {
          "version": "3.0.0",
          "dev": true
        },
        "peek-readable": {
          "version": "4.1.0",
          "dev": true
        },
        "readable-web-to-node-stream": {
          "version": "2.0.0",
          "dev": true
        },
        "strtok3": {
          "version": "6.3.0",
          "dev": true,
          "requires": {
            "@tokenizer/token": "^0.3.0",
            "peek-readable": "^4.1.0"
          }
        },
        "token-types": {
          "version": "2.1.1",
          "dev": true,
          "requires": {
            "@tokenizer/token": "^0.1.1",
            "ieee754": "^1.2.1"
          },
          "dependencies": {
            "@tokenizer/token": {
              "version": "0.1.1",
              "dev": true
            }
          }
        },
        "typedarray-to-buffer": {
          "version": "3.1.5",
          "dev": true,
          "requires": {
            "is-typedarray": "^1.0.0"
          }
        }
      }
    }
  }
}
