{
  "name": "@flysystem-ts/adapter-interface",
  "version": "0.1.0",
  "lockfileVersion": 2,
  "requires": true,
  "packages": {
    "": {
      "name": "@flysystem-ts/adapter-interface",
      "version": "0.1.0",
      "license": "ISC",
      "devDependencies": {
        "@flysystem-ts/common": "^0.1.0"
      }
    },
    "node_modules/@flysystem-ts/common": {
      "version": "0.1.0",
      "resolved": "https://registry.npmjs.org/@flysystem-ts/common/-/common-0.1.0.tgz",
      "integrity": "sha512-pehMcJIhB/IEds0r9wW2GFmh7h0fnpXgd0+JZVx23eSMYDXkIeFNYAsOdjsp1+gs8j+eEc+tw/QujJ/8W0s/4Q==",
      "dev": true
    }
  },
  "dependencies": {
    "@flysystem-ts/common": {
      "version": "0.1.0",
      "resolved": "https://registry.npmjs.org/@flysystem-ts/common/-/common-0.1.0.tgz",
      "integrity": "sha512-pehMcJIhB/IEds0r9wW2GFmh7h0fnpXgd0+JZVx23eSMYDXkIeFNYAsOdjsp1+gs8j+eEc+tw/QujJ/8W0s/4Q==",
      "dev": true
    }
  }
}
