{
  "name": "@flysystem-ts/flysystem",
  "version": "0.2.4",
  "lockfileVersion": 2,
  "requires": true,
  "packages": {
    "": {
      "name": "@flysystem-ts/flysystem",
      "version": "0.2.4",
      "license": "ISC",
      "devDependencies": {
        "@types/lodash": "^4.14.182",
        "lodash": "^4.17.21"
      }
    },
    "../adapter-interface": {
      "name": "@flysystem-ts/adapter-interface",
      "version": "0.0.0",
      "extraneous": true,
      "license": "ISC",
      "devDependencies": {
        "@flysystem-ts/common": "^0.0.0"
      }
    },
    "../common": {
      "name": "@flysystem-ts/common",
      "version": "0.0.0",
      "extraneous": true,
      "license": "ISC",
      "devDependencies": {
        "@types/lodash": "^4.14.182",
        "@types/mime": "^2.0.3",
        "file-type": "14",
        "lodash": "^4.17.21",
        "mime": "^3.0.0"
      }
    },
    "node_modules/@types/lodash": {
      "version": "4.14.182",
      "resolved": "https://registry.npmjs.org/@types/lodash/-/lodash-4.14.182.tgz",
      "integrity": "sha512-/THyiqyQAP9AfARo4pF+aCGcyiQ94tX/Is2I7HofNRqoYLgN1PBoOWu2/zTA5zMxzP5EFutMtWtGAFRKUe961Q==",
      "dev": true
    },
    "node_modules/lodash": {
      "version": "4.17.21",
      "resolved": "https://registry.npmjs.org/lodash/-/lodash-4.17.21.tgz",
      "integrity": "sha512-v2kDEe57lecTulaDIuNTPy3Ry4gLGJ6Z1O3vE1krgXZNrsQ+LFTGHVxVjcXPs17LhbZVGedAJv8XZ1tvj5FvSg==",
      "dev": true
    }
  },
  "dependencies": {
    "@types/lodash": {
      "version": "4.14.182",
      "resolved": "https://registry.npmjs.org/@types/lodash/-/lodash-4.14.182.tgz",
      "integrity": "sha512-/THyiqyQAP9AfARo4pF+aCGcyiQ94tX/Is2I7HofNRqoYLgN1PBoOWu2/zTA5zMxzP5EFutMtWtGAFRKUe961Q==",
      "dev": true
    },
    "lodash": {
      "version": "4.17.21",
      "resolved": "https://registry.npmjs.org/lodash/-/lodash-4.17.21.tgz",
      "integrity": "sha512-v2kDEe57lecTulaDIuNTPy3Ry4gLGJ6Z1O3vE1krgXZNrsQ+LFTGHVxVjcXPs17LhbZVGedAJv8XZ1tvj5FvSg==",
      "dev": true
    }
  }
}
